Microsoft Visual Studio Solution File, Format Version 11.00
# Visual Studio 2008

Project("{42A159B0-95D9-BCA1-9B6E-EE8ED1FDDD25}") = "HackNottsVR", "Assembly-CSharp-firstpass.csproj", "{0347669F-0FC5-E7FA-4524-3B58237774FB}"
EndProject
Project("{42A159B0-95D9-BCA1-9B6E-EE8ED1FDDD25}") = "HackNottsVR", "Assembly-CSharp.csproj", "{9DEFC524-5EF4-F520-2A8B-D90094955559}"
EndProject
Project("{42A159B0-95D9-BCA1-9B6E-EE8ED1FDDD25}") = "HackNottsVR", "Assembly-CSharp-Editor.csproj", "{3E6AC01C-6F0F-8BA0-5C5A-5A1620684A7D}"
EndProject
Global
	GlobalSection(SolutionConfigurationPlatforms) = preSolution
		Debug|Any CPU = Debug|Any CPU
		Release|Any CPU = Release|Any CPU
	EndGlobalSection
	GlobalSection(ProjectConfigurationPlatforms) = postSolution
		{0347669F-0FC5-E7FA-4524-3B58237774FB}.Debug|Any CPU.ActiveCfg = Debug|Any CPU
		{0347669F-0FC5-E7FA-4524-3B58237774FB}.Debug|Any CPU.Build.0 = Debug|Any CPU
		{0347669F-0FC5-E7FA-4524-3B58237774FB}.Release|Any CPU.ActiveCfg = Release|Any CPU
		{0347669F-0FC5-E7FA-4524-3B58237774FB}.Release|Any CPU.Build.0 = Release|Any CPU
		{9DEFC524-5EF4-F520-2A8B-D90094955559}.Debug|Any CPU.ActiveCfg = Debug|Any CPU
		{9DEFC524-5EF4-F520-2A8B-D90094955559}.Debug|Any CPU.Build.0 = Debug|Any CPU
		{9DEFC524-5EF4-F520-2A8B-D90094955559}.Release|Any CPU.ActiveCfg = Release|Any CPU
		{9DEFC524-5EF4-F520-2A8B-D90094955559}.Release|Any CPU.Build.0 = Release|Any CPU
		{3E6AC01C-6F0F-8BA0-5C5A-5A1620684A7D}.Debug|Any CPU.ActiveCfg = Debug|Any CPU
		{3E6AC01C-6F0F-8BA0-5C5A-5A1620684A7D}.Debug|Any CPU.Build.0 = Debug|Any CPU
		{3E6AC01C-6F0F-8BA0-5C5A-5A1620684A7D}.Release|Any CPU.ActiveCfg = Release|Any CPU
		{3E6AC01C-6F0F-8BA0-5C5A-5A1620684A7D}.Release|Any CPU.Build.0 = Release|Any CPU
	EndGlobalSection
	GlobalSection(SolutionProperties) = preSolution
		HideSolutionNode = FALSE
	EndGlobalSection
																																						GlobalSection(MonoDevelopProperties) = preSolution
		StartupItem = Assembly-CSharp.csproj
		Policies = $0
		$0.TextStylePolicy = $1
		$1.inheritsSet = null
		$1.scope = text/x-csharp
		$0.CSharpFormattingPolicy = $2
		$2.inheritsSet = Mono
		$2.inheritsScope = text/x-csharp
		$2.scope = text/x-csharp
		$0.TextStylePolicy = $3
		$3.FileWidth = 120
		$3.TabWidth = 4
		$3.IndentWidth = 4
		$3.EolMarker = Unix
		$3.inheritsSet = Mono
		$3.inheritsScope = text/plain
		$3.scope = text/plain
	EndGlobalSection

EndGlobal
